
Microsoft Visual Studio Solution File, Format Version 12.00
# Visual Studio Version 16
VisualStudioVersion = 16.0.29519.87
MinimumVisualStudioVersion = 10.0.40219.1
Project("{FAE04EC0-301F-11D3-BF4B-00C04F79EFBC}") = "Waterskibaan WPF (new)", "Waterskibaan WPF (new)\Waterskibaan WPF (new).csproj", "{71305422-4A04-45B8-88D3-87BC92D47173}"
EndProject
Global
	GlobalSection(SolutionConfigurationPlatforms) = preSolution
		Debug|Any CPU = Debug|Any CPU
		Release|Any CPU = Release|Any CPU
	EndGlobalSection
	GlobalSection(ProjectConfigurationPlatforms) = postSolution
		{71305422-4A04-45B8-88D3-87BC92D47173}.Debug|Any CPU.ActiveCfg = Debug|Any CPU
		{71305422-4A04-45B8-88D3-87BC92D47173}.Debug|Any CPU.Build.0 = Debug|Any CPU
		{71305422-4A04-45B8-88D3-87BC92D47173}.Release|Any CPU.ActiveCfg = Release|Any CPU
		{71305422-4A04-45B8-88D3-87BC92D47173}.Release|Any CPU.Build.0 = Release|Any CPU
	EndGlobalSection
	GlobalSection(SolutionProperties) = preSolution
		HideSolutionNode = FALSE
	EndGlobalSection
	GlobalSection(ExtensibilityGlobals) = postSolution
		SolutionGuid = {8EDC2708-4B81-4E13-84B5-605C00C8DC0A}
	EndGlobalSection
EndGlobal
